
Microsoft Visual Studio Solution File, Format Version 12.00
# Visual Studio Version 16
VisualStudioVersion = 16.0.33214.272
MinimumVisualStudioVersion = 10.0.40219.1
Project("{8BC9CEB8-8B4A-11D0-8D11-00A0C91BC942}") = "4day", "4day\4day.vcxproj", "{CD4540A5-FD01-44D5-A5B2-F32F0B1FD0A8}"
EndProject
Global
	GlobalSection(SolutionConfigurationPlatforms) = preSolution
		Debug|x64 = Debug|x64
		Debug|x86 = Debug|x86
		Release|x64 = Release|x64
		Release|x86 = Release|x86
	EndGlobalSection
	GlobalSection(ProjectConfigurationPlatforms) = postSolution
		{CD4540A5-FD01-44D5-A5B2-F32F0B1FD0A8}.Debug|x64.ActiveCfg = Debug|x64
		{CD4540A5-FD01-44D5-A5B2-F32F0B1FD0A8}.Debug|x64.Build.0 = Debug|x64
		{CD4540A5-FD01-44D5-A5B2-F32F0B1FD0A8}.Debug|x86.ActiveCfg = Debug|Win32
		{CD4540A5-FD01-44D5-A5B2-F32F0B1FD0A8}.Debug|x86.Build.0 = Debug|Win32
		{CD4540A5-FD01-44D5-A5B2-F32F0B1FD0A8}.Release|x64.ActiveCfg = Release|x64
		{CD4540A5-FD01-44D5-A5B2-F32F0B1FD0A8}.Release|x64.Build.0 = Release|x64
		{CD4540A5-FD01-44D5-A5B2-F32F0B1FD0A8}.Release|x86.ActiveCfg = Release|Win32
		{CD4540A5-FD01-44D5-A5B2-F32F0B1FD0A8}.Release|x86.Build.0 = Release|Win32
	EndGlobalSection
	GlobalSection(SolutionProperties) = preSolution
		HideSolutionNode = FALSE
	EndGlobalSection
	GlobalSection(ExtensibilityGlobals) = postSolution
		SolutionGuid = {AB970AC2-5F86-4036-ABB9-0D9B235E4922}
	EndGlobalSection
EndGlobal
